hash: c5774e15285337a11f4e3bef575f6ef262b8f2241825cfea6a277ac5463ce408
updated: 2016-08-28T20:51:35.799146186+02:00
imports:
- name: github.com/bborbe/auth
  version: c91b188aa97ba9b918fd8e4478d3caa8aaed4c92
  subpackages:
  - model
  - v1
- name: github.com/bborbe/bot_agent
  version: 9c662737fd1f9cc35903ff2a2aa2ff891be32dc2
  subpackages:
  - api
  - command
  - matcher
  - message_handler/match
  - message_handler/restrict_to_tokens
  - request_consumer
  - response
  - rest
  - sender
  - ticket
  - message_handler/restrict
  - message_handler/relay
  - pong
  - topic
- name: github.com/bborbe/flagenv
  version: 9c2510a4cb99b118da34234aaf15e36db8adfea6
- name: github.com/bborbe/http
  version: b54fc8e4b8b3e888d35de4b61d9cf34c2ff0bd7f
  subpackages:
  - client_builder
  - header
  - requestbuilder
- name: github.com/bborbe/io
  version: b820f8cb162c3389b0d47c5435cf395c8b9fb3ee
  subpackages:
  - buffered_writer
- name: github.com/bborbe/log
  version: cc95799e15d974f9b58a5dae13bf6127e5d524f9
- name: github.com/bborbe/nsq_utils
  version: 5455b4858a2f1090e9568874f8e73bc175fee7f5
  subpackages:
  - producer
  - consumer
  - logger
- name: github.com/golang/glog
  version: 23def4e6c14b4da8ac2ed8007337bc5eb5007998
- name: github.com/mreiferson/go-snappystream
  version: 028eae7ab5c4c9e2d1cb4c4ca1e53259bbe7e504
  subpackages:
  - snappy-go
- name: github.com/nsqio/go-nsq
  version: d71fb89c9e0263aaed89645b0b168e11ccf597b1
- name: github.com/nu7hatch/gouuid
  version: 179d4d0c4d8d407a32af483c2354df1d2c91e6c3
testImports:
- name: github.com/bborbe/assert
  version: 639eac9a24e3c01472758f3c79452b8517bc29f6
