hash: 81315606e6d8147c4502f62a9b5e73537f45b9f70d7155b935d6062f5e29a896
updated: 2016-11-11T11:28:01.09154643+01:00
imports:
- name: github.com/bborbe/auth
  version: c73b6d345b00bd45bcbbbec576182a382c9c5c3d
  subpackages:
  - client
  - client/application
  - client/user
  - client/user_data
  - client/user_group
  - model
  - service
  - v1
- name: github.com/bborbe/bot_agent
  version: 81d6d24f8b469d853457a853d933371da4457067
  subpackages:
  - api
  - command
  - matcher
  - message_handler/match
  - message_handler/relay
  - message_handler/restrict
  - message_handler/restrict_to_tokens
  - pong
  - request_consumer
  - response
  - rest
  - sender
  - ticket
  - topic
- name: github.com/bborbe/flagenv
  version: 96aab95bb1341e7a7ccf9160e49792e2ad3b0e08
- name: github.com/bborbe/http
  version: 4a9c65a4efec460ef645e1cc4d9241e9bf661069
  subpackages:
  - client_builder
  - header
  - requestbuilder
  - rest
- name: github.com/bborbe/nsq_utils
  version: 8109cabe90190cd4e36d6d556ed8bd7445b3907a
  subpackages:
  - consumer
  - logger
  - producer
- name: github.com/golang/glog
  version: 23def4e6c14b4da8ac2ed8007337bc5eb5007998
- name: github.com/mreiferson/go-snappystream
  version: 028eae7ab5c4c9e2d1cb4c4ca1e53259bbe7e504
  subpackages:
  - snappy-go
- name: github.com/nsqio/go-nsq
  version: 8e6d40fe7f7baa8e0e606bb64f8f9579704d72c4
- name: github.com/nu7hatch/gouuid
  version: 179d4d0c4d8d407a32af483c2354df1d2c91e6c3
testImports:
- name: github.com/bborbe/assert
  version: d2b3a7c4c731ac8cc63c6f5a1ea7d401e7547d42
