hash: 53e99d577216880bbf25d78d0af3703bc44a21e51f1005a587f6cd5d289e0f88
updated: 2016-08-25T20:05:34.320649075+02:00
imports:
- name: github.com/bborbe/auth
  version: f0e5bf21c8194c6a354c052779d0184c9fd418c8
  subpackages:
  - model
  - v1
- name: github.com/bborbe/bot_agent
  version: 1263c8680b219a54b62ebebca976e102c91c139f
  subpackages:
  - api
  - command
  - matcher
  - message_handler/match
  - message_handler/restrict_to_tokens
  - producer
  - request_consumer
  - response
  - rest
  - sender
  - ticket
  - message_handler/restrict
  - message_handler/relay
  - pong
  - topic
- name: github.com/bborbe/flagenv
  version: 0977949b20c82a7cad254644637f29c72205d61d
- name: github.com/bborbe/http
  version: 1a08a16fd2cc75228b32afadd7126f7372cb4780
  subpackages:
  - client_builder
  - header
  - requestbuilder
- name: github.com/bborbe/io
  version: a92503d8d6377ff0e8b24ad2007cc83546a50817
  subpackages:
  - buffered_writer
- name: github.com/bborbe/log
  version: 0250bb5b2e2bd833cb9a47333c28aa46751cdbfe
- name: github.com/bborbe/nsq_utils
  version: 52d70ae314ae96cb85eb37af1d2c6f061f164d6f
  subpackages:
  - producer
  - consumer
  - logger
- name: github.com/golang/glog
  version: 23def4e6c14b4da8ac2ed8007337bc5eb5007998
- name: github.com/mreiferson/go-snappystream
  version: 028eae7ab5c4c9e2d1cb4c4ca1e53259bbe7e504
  subpackages:
  - snappy-go
- name: github.com/nsqio/go-nsq
  version: d71fb89c9e0263aaed89645b0b168e11ccf597b1
- name: github.com/nu7hatch/gouuid
  version: 179d4d0c4d8d407a32af483c2354df1d2c91e6c3
testImports:
- name: github.com/bborbe/assert
  version: f767bd2fffab5a86d5a887e2415d399e8aade8bf
